com.fasterxml.jackson.core:jackson-core:2.9.10:compile:
com.fasterxml.jackson.core:jackson-annotations:2.9.10:compile:
com.fasterxml.jackson.core:jackson-databind:2.9.10.8:compile:
com.fasterxml.jackson.module:jackson-module-afterburner:2.9.10:compile:
org.bouncycastle:bcpkix-jdk15on:1.55:compile:
org.bouncycastle:bcprov-jdk15on:1.55:compile:
org.apache.httpcomponents:httpclient:4.5.13:compile:
org.apache.httpcomponents:httpmime:4.5.13:compile:
commons-logging:commons-logging:1.2:compile:
commons-codec:commons-codec:1.15:compile:
org.apache.httpcomponents:httpcore:4.4.14:compile:
org.apache.logging.log4j:log4j-slf4j-impl:2.6.2:compile:
org.slf4j:slf4j-api:1.7.21:compile:
org.apache.logging.log4j:log4j-api:2.6.2:compile:
org.apache.logging.log4j:log4j-core:2.6.2:compile:
com.fasterxml.jackson.dataformat:jackson-dataformat-cbor:2.9.1:compile:
